{
  "name": "hack-emulator-js",
  "version": "1.0.6",
  "lockfileVersion": 1,
  "requires": true,
  "dependencies": {
    "get-value": {
      "version": "2.0.6",
      "resolved": "https://registry.npmjs.org/get-value/-/get-value-2.0.6.tgz",
      "integrity": "sha1-3BXKHGcjh8p2vTesCjlbogQqLCg="
    },
    "hack-assembler": {
      "version": "2.0.1",
      "resolved": "https://registry.npmjs.org/hack-assembler/-/hack-assembler-2.0.1.tgz",
      "integrity": "sha512-pKX9PcKD9dG0pM8OMSl06r6yQe3yNOyHv+qW6D+hBXfcKHn+BJi5OZfspifHkAbwmqFHp2q9GDjQYJH1+PfYTg==",
      "requires": {
        "minimist-mini": "2.0.9",
        "read-file": "0.2.0",
        "remove-comments-regex": "1.0.1"
      }
    },
    "keypress": {
      "version": "0.2.1",
      "resolved": "https://registry.npmjs.org/keypress/-/keypress-0.2.1.tgz",
      "integrity": "sha1-HoBFQlABjbrUw/6USX1uZ7YmnHc="
    },
    "minimist": {
      "version": "1.2.0",
      "resolved": "https://registry.npmjs.org/minimist/-/minimist-1.2.0.tgz",
      "integrity": "sha1-o1AIsg9BOD7sH7kU9M1d95omQoQ="
    },
    "minimist-mini": {
      "version": "2.0.9",
      "resolved": "https://registry.npmjs.org/minimist-mini/-/minimist-mini-2.0.9.tgz",
      "integrity": "sha512-XS4kV0iwk+aAH6Hej8gl1QM52OTffp/Xy7FBeYvbXCDUsAtXDXU8dnccPKGXXfgBOj581urxTr7Xjk2ewJ3FGA==",
      "requires": {
        "get-value": "2.0.6",
        "minimist": "1.2.0",
        "remove-markdown": "0.2.2"
      }
    },
    "read-file": {
      "version": "0.2.0",
      "resolved": "https://registry.npmjs.org/read-file/-/read-file-0.2.0.tgz",
      "integrity": "sha1-cMa6+IQux9FUD5gf0Oau1Mgb1UU="
    },
    "remove-comments-regex": {
      "version": "1.0.1",
      "resolved": "https://registry.npmjs.org/remove-comments-regex/-/remove-comments-regex-1.0.1.tgz",
      "integrity": "sha512-6r5ikqc0beAi1XMh15JDG7DioFhYqzF0zUUAya6Z8AQULhqWpbGdIYAhPS2DGxMtlKbSyXG5bp11M0WzT+OfdA==",
      "requires": {
        "minimist-mini": "2.0.9",
        "read-file": "0.2.0"
      }
    },
    "remove-markdown": {
      "version": "0.2.2",
      "resolved": "https://registry.npmjs.org/remove-markdown/-/remove-markdown-0.2.2.tgz",
      "integrity": "sha1-ZrDO66n7d8qWNrsbAwfOIaMqEqY="
    }
  }
}
