{
  "name": "hack-emulator-js",
  "version": "1.0.0",
  "lockfileVersion": 1,
  "requires": true,
  "dependencies": {
    "get-value": {
      "version": "2.0.6",
      "resolved": "https://registry.npmjs.org/get-value/-/get-value-2.0.6.tgz",
      "integrity": "sha1-3BXKHGcjh8p2vTesCjlbogQqLCg="
    },
    "hack-assembler": {
      "version": "1.0.8",
      "resolved": "https://registry.npmjs.org/hack-assembler/-/hack-assembler-1.0.8.tgz",
      "integrity": "sha512-s7988JNGV08KLlr49H9RTL57QqZ5PnfXTEmxYyq9n7GgAUDsOtbgMuh+giQdaEU+jgykDmOcyfgI9X6U5WUtQw==",
      "requires": {
        "minimist-mini": "2.0.8",
        "read-file": "0.2.0"
      }
    },
    "keypress": {
      "version": "0.2.1",
      "resolved": "https://registry.npmjs.org/keypress/-/keypress-0.2.1.tgz",
      "integrity": "sha1-HoBFQlABjbrUw/6USX1uZ7YmnHc="
    },
    "minimist": {
      "version": "1.2.0",
      "resolved": "https://registry.npmjs.org/minimist/-/minimist-1.2.0.tgz",
      "integrity": "sha1-o1AIsg9BOD7sH7kU9M1d95omQoQ="
    },
    "minimist-mini": {
      "version": "2.0.8",
      "resolved": "https://registry.npmjs.org/minimist-mini/-/minimist-mini-2.0.8.tgz",
      "integrity": "sha1-pjuMOgpunxSZrM5VJh1yHy05q0k=",
      "requires": {
        "get-value": "2.0.6",
        "minimist": "1.2.0",
        "remove-markdown": "0.1.0"
      }
    },
    "read-file": {
      "version": "0.2.0",
      "resolved": "https://registry.npmjs.org/read-file/-/read-file-0.2.0.tgz",
      "integrity": "sha1-cMa6+IQux9FUD5gf0Oau1Mgb1UU="
    },
    "remove-markdown": {
      "version": "0.1.0",
      "resolved": "https://registry.npmjs.org/remove-markdown/-/remove-markdown-0.1.0.tgz",
      "integrity": "sha1-z4tm6eb8tKzJchBIre7no1dpi6k="
    }
  }
}
